// !$*UTF8*$!
{
	archiveVersion = 1;
	classes = {
	};
	objectVersion = 46;
	objects = {

/* Begin PBXBuildFile section */
		7CC75FAB1BEB9144003AA87A /* main.m in Sources */ = {isa = PBXBuildFile; fileRef = 7CC75FAA1BEB9144003AA87A /* main.m */; };
		7CC75FAE1BEB9144003AA87A /* AppDelegate.m in Sources */ = {isa = PBXBuildFile; fileRef = 7CC75FAD1BEB9144003AA87A /* AppDelegate.m */; };
		7CC75FB11BEB9144003AA87A /* ViewController.m in Sources */ = {isa = PBXBuildFile; fileRef = 7CC75FB01BEB9144003AA87A /* ViewController.m */; };
		7CC75FB41BEB9144003AA87A /* Main.storyboard in Resources */ = {isa = PBXBuildFile; fileRef = 7CC75FB21BEB9144003AA87A /* Main.storyboard */; };
		7CC75FB61BEB9144003AA87A /* Assets.xcassets in Resources */ = {isa = PBXBuildFile; fileRef = 7CC75FB51BEB9144003AA87A /* Assets.xcassets */; };
		7CC75FB91BEB9144003AA87A /* LaunchScreen.storyboard in Resources */ = {isa = PBXBuildFile; fileRef = 7CC75FB71BEB9144003AA87A /* LaunchScreen.storyboard */; };
/* End PBXBuildFile section */

/* Begin PBXFileReference section */
		7CC75FA61BEB9144003AA87A /* IsThatAWord.app */ = {isa = PBXFileReference; explicitFileType = wrapper.application; includeInIndex = 0; path = IsThatAWord.app; sourceTree = BUILT_PRODUCTS_DIR; };
		7CC75FAA1BEB9144003AA87A /* main.m */ = {isa = PBXFileReference; lastKnownFileType = sourcecode.c.objc; path = main.m; sourceTree = "<group>"; };
		7CC75FAC1BEB9144003AA87A /* AppDelegate.h */ = {isa = PBXFileReference; lastKnownFileType = sourcecode.c.h; path = AppDelegate.h; sourceTree = "<group>"; };
		7CC75FAD1BEB9144003AA87A /* AppDelegate.m */ = {isa = PBXFileReference; lastKnownFileType = sourcecode.c.objc; path = AppDelegate.m; sourceTree = "<group>"; };
		7CC75FAF1BEB9144003AA87A /* ViewController.h */ = {isa = PBXFileReference; lastKnownFileType = sourcecode.c.h; path = ViewController.h; sourceTree = "<group>"; };
		7CC75FB01BEB9144003AA87A /* ViewController.m */ = {isa = PBXFileReference; lastKnownFileType = sourcecode.c.objc; path = ViewController.m; sourceTree = "<group>"; };
		7CC75FB31BEB9144003AA87A /* Base */ = {isa = PBXFileReference; lastKnownFileType = file.storyboard; name = Base; path = Base.lproj/Main.storyboard; sourceTree = "<group>"; };
		7CC75FB51BEB9144003AA87A /* Assets.xcassets */ = {isa = PBXFileReference; lastKnownFileType = folder.assetcatalog; path = Assets.xcassets; sourceTree = "<group>"; };
		7CC75FB81BEB9144003AA87A /* Base */ = {isa = PBXFileReference; lastKnownFileType = file.storyboard; name = Base; path = Base.lproj/LaunchScreen.storyboard; sourceTree = "<group>"; };
		7CC75FBA1BEB9144003AA87A /* Info.plist */ = {isa = PBXFileReference; lastKnownFileType = text.plist.xml; path = Info.plist; sourceTree = "<group>"; };
/* End PBXFileReference section */

/* Begin PBXFrameworksBuildPhase section */
		7CC75FA31BEB9144003AA87A /* Frameworks */ = {
			isa = PBXFrameworksBuildPhase;
			buildActionMask = 2147483647;
			files = (
			);
			runOnlyForDeploymentPostprocessing = 0;
		};
/* End PBXFrameworksBuildPhase section */

/* Begin PBXGroup section */
		7CC75F9D1BEB9144003AA87A = {
			isa = PBXGroup;
			children = (
				7CC75FA81BEB9144003AA87A /* IsThatAWord */,
				7CC75FA71BEB9144003AA87A /* Products */,
			);
			sourceTree = "<group>";
		};
		7CC75FA71BEB9144003AA87A /* Products */ = {
			isa = PBXGroup;
			children = (
				7CC75FA61BEB9144003AA87A /* IsThatAWord.app */,
			);
			name = Products;
			sourceTree = "<group>";
		};
		7CC75FA81BEB9144003AA87A /* IsThatAWord */ = {
			isa = PBXGroup;
			children = (
				7CC75FAC1BEB9144003AA87A /* AppDelegate.h */,
				7CC75FAD1BEB9144003AA87A /* AppDelegate.m */,
				7CC75FAF1BEB9144003AA87A /* ViewController.h */,
				7CC75FB01BEB9144003AA87A /* ViewController.m */,
				7CC75FB21BEB9144003AA87A /* Main.storyboard */,
				7CC75FB51BEB9144003AA87A /* Assets.xcassets */,
				7CC75FB71BEB9144003AA87A /* LaunchScreen.storyboard */,
				7CC75FBA1BEB9144003AA87A /* Info.plist */,
				7CC75FA91BEB9144003AA87A /* Supporting Files */,
			);
			path = IsThatAWord;
			sourceTree = "<group>";
		};
		7CC75FA91BEB9144003AA87A /* Supporting Files */ = {
			isa = PBXGroup;
			children = (
				7CC75FAA1BEB9144003AA87A /* main.m */,
			);
			name = "Supporting Files";
			sourceTree = "<group>";
		};
/* End PBXGroup section */

/* Begin PBXNativeTarget section */
		7CC75FA51BEB9144003AA87A /* IsThatAWord */ = {
			isa = PBXNativeTarget;
			buildConfigurationList = 7CC75FBD1BEB9144003AA87A /* Build configuration list for PBXNativeTarget "IsThatAWord" */;
			buildPhases = (
				7CC75FA21BEB9144003AA87A /* Sources */,
				7CC75FA31BEB9144003AA87A /* Frameworks */,
				7CC75FA41BEB9144003AA87A /* Resources */,
			);
			buildRules = (
			);
			dependencies = (
			);
			name = IsThatAWord;
			productName = IsThatAWord;
			productReference = 7CC75FA61BEB9144003AA87A /* IsThatAWord.app */;
			productType = "com.apple.product-type.application";
		};
/* End PBXNativeTarget section */

/* Begin PBXProject section */
		7CC75F9E1BEB9144003AA87A /* Project object */ = {
			isa = PBXProject;
			attributes = {
				LastUpgradeCheck = 0710;
				ORGANIZATIONNAME = "Visceral Origami";
				TargetAttributes = {
					7CC75FA51BEB9144003AA87A = {
						CreatedOnToolsVersion = 7.1;
					};
				};
			};
			buildConfigurationList = 7CC75FA11BEB9144003AA87A /* Build configuration list for PBXProject "IsThatAWord" */;
			compatibilityVersion = "Xcode 3.2";
			developmentRegion = English;
			hasScannedForEncodings = 0;
			knownRegions = (
				en,
				Base,
			);
			mainGroup = 7CC75F9D1BEB9144003AA87A;
			productRefGroup = 7CC75FA71BEB9144003AA87A /* Products */;
			projectDirPath = "";
			projectRoot = "";
			targets = (
				7CC75FA51BEB9144003AA87A /* IsThatAWord */,
			);
		};
/* End PBXProject section */

/* Begin PBXResourcesBuildPhase section */
		7CC75FA41BEB9144003AA87A /* Resources */ = {
			isa = PBXResourcesBuildPhase;
			buildActionMask = 2147483647;
			files = (
				7CC75FB91BEB9144003AA87A /* LaunchScreen.storyboard in Resources */,
				7CC75FB61BEB9144003AA87A /* Assets.xcassets in Resources */,
				7CC75FB41BEB9144003AA87A /* Main.storyboard in Resources */,
			);
			runOnlyForDeploymentPostprocessing = 0;
		};
/* End PBXResourcesBuildPhase section */

/* Begin PBXSourcesBuildPhase section */
		7CC75FA21BEB9144003AA87A /* Sources */ = {
			isa = PBXSourcesBuildPhase;
			buildActionMask = 2147483647;
			files = (
				7CC75FB11BEB9144003AA87A /* ViewController.m in Sources */,
				7CC75FAE1BEB9144003AA87A /* AppDelegate.m in Sources */,
				7CC75FAB1BEB9144003AA87A /* main.m in Sources */,
			);
			runOnlyForDeploymentPostprocessing = 0;
		};
/* End PBXSourcesBuildPhase section */

/* Begin PBXVariantGroup section */
		7CC75FB21BEB9144003AA87A /* Main.storyboard */ = {
			isa = PBXVariantGroup;
			children = (
				7CC75FB31BEB9144003AA87A /* Base */,
			);
			name = Main.storyboard;
			sourceTree = "<group>";
		};
		7CC75FB71BEB9144003AA87A /* LaunchScreen.storyboard */ = {
			isa = PBXVariantGroup;
			children = (
				7CC75FB81BEB9144003AA87A /* Base */,
			);
			name = LaunchScreen.storyboard;
			sourceTree = "<group>";
		};
/* End PBXVariantGroup section */

/* Begin XCBuildConfiguration section */
		7CC75FBB1BEB9144003AA87A /* Debug */ = {
			isa = XCBuildConfiguration;
			buildSettings = {
				ALWAYS_SEARCH_USER_PATHS = NO;
				CLANG_CXX_LANGUAGE_STANDARD = "gnu++0x";
				CLANG_CXX_LIBRARY = "libc++";
				CLANG_ENABLE_MODULES = YES;
				CLANG_ENABLE_OBJC_ARC = YES;
				CLANG_WARN_BOOL_CONVERSION = YES;
				CLANG_WARN_CONSTANT_CONVERSION = YES;
				CLANG_WARN_DIRECT_OBJC_ISA_USAGE = YES_ERROR;
				CLANG_WARN_EMPTY_BODY = YES;
				CLANG_WARN_ENUM_CONVERSION = YES;
				CLANG_WARN_INT_CONVERSION = YES;
				CLANG_WARN_OBJC_ROOT_CLASS = YES_ERROR;
				CLANG_WARN_UNREACHABLE_CODE = YES;
				CLANG_WARN__DUPLICATE_METHOD_MATCH = YES;
				"CODE_SIGN_IDENTITY[sdk=iphoneos*]" = "iPhone Developer";
				COPY_PHASE_STRIP = NO;
				DEBUG_INFORMATION_FORMAT = dwarf;
				ENABLE_STRICT_OBJC_MSGSEND = YES;
				ENABLE_TESTABILITY = YES;
				GCC_C_LANGUAGE_STANDARD = gnu99;
				GCC_DYNAMIC_NO_PIC = NO;
				GCC_NO_COMMON_BLOCKS = YES;
				GCC_OPTIMIZATION_LEVEL = 0;
				GCC_PREPROCESSOR_DEFINITIONS = (
					"DEBUG=1",
					"$(inherited)",
				);
				GCC_WARN_64_TO_32_BIT_CONVERSION = YES;
				GCC_WARN_ABOUT_RETURN_TYPE = YES_ERROR;
				GCC_WARN_UNDECLARED_SELECTOR = YES;
				GCC_WARN_UNINITIALIZED_AUTOS = YES_AGGRESSIVE;
				GCC_WARN_UNUSED_FUNCTION = YES;
				GCC_WARN_UNUSED_VARIABLE = YES;
				IPHONEOS_DEPLOYMENT_TARGET = 9.1;
				MTL_ENABLE_DEBUG_INFO = YES;
				ONLY_ACTIVE_ARCH = YES;
				SDKROOT = iphoneos;
				TARGETED_DEVICE_FAMILY = "1,2";
			};
			name = Debug;
		};
		7CC75FBC1BEB9144003AA87A /* Release */ = {
			isa = XCBuildConfiguration;
			buildSettings = {
				ALWAYS_SEARCH_USER_PATHS = NO;
				CLANG_CXX_LANGUAGE_STANDARD = "gnu++0x";
				CLANG_CXX_LIBRARY = "libc++";
				CLANG_ENABLE_MODULES = YES;
				CLANG_ENABLE_OBJC_ARC = YES;
				CLANG_WARN_BOOL_CONVERSION = YES;
				CLANG_WARN_CONSTANT_CONVERSION = YES;
				CLANG_WARN_DIRECT_OBJC_ISA_USAGE = YES_ERROR;
				CLANG_WARN_EMPTY_BODY = YES;
				CLANG_WARN_ENUM_CONVERSION = YES;
				CLANG_WARN_INT_CONVERSION = YES;
				CLANG_WARN_OBJC_ROOT_CLASS = YES_ERROR;
				CLANG_WARN_UNREACHABLE_CODE = YES;
				CLANG_WARN__DUPLICATE_METHOD_MATCH = YES;
				"CODE_SIGN_IDENTITY[sdk=iphoneos*]" = "iPhone Developer";
				COPY_PHASE_STRIP = NO;
				DEBUG_INFORMATION_FORMAT = "dwarf-with-dsym";
				ENABLE_NS_ASSERTIONS = NO;
				ENABLE_STRICT_OBJC_MSGSEND = YES;
				GCC_C_LANGUAGE_STANDARD = gnu99;
				GCC_NO_COMMON_BLOCKS = YES;
				GCC_WARN_64_TO_32_BIT_CONVERSION = YES;
				GCC_WARN_ABOUT_RETURN_TYPE = YES_ERROR;
				GCC_WARN_UNDECLARED_SELECTOR = YES;
				GCC_WARN_UNINITIALIZED_AUTOS = YES_AGGRESSIVE;
				GCC_WARN_UNUSED_FUNCTION = YES;
				GCC_WARN_UNUSED_VARIABLE = YES;
				IPHONEOS_DEPLOYMENT_TARGET = 9.1;
				MTL_ENABLE_DEBUG_INFO = NO;
				SDKROOT = iphoneos;
				TARGETED_DEVICE_FAMILY = "1,2";
				VALIDATE_PRODUCT = YES;
			};
			name = Release;
		};
		7CC75FBE1BEB9144003AA87A /* Debug */ = {
			isa = XCBuildConfiguration;
			buildSettings = {
				ASSETCATALOG_COMPILER_APPICON_NAME = AppIcon;
				INFOPLIST_FILE = IsThatAWord/Info.plist;
				LD_RUNPATH_SEARCH_PATHS = "$(inherited) @executable_path/Frameworks";
				PRODUCT_BUNDLE_IDENTIFIER = com.visceralorigami.IsThatAWord;
				PRODUCT_NAME = "$(TARGET_NAME)";
			};
			name = Debug;
		};
		7CC75FBF1BEB9144003AA87A /* Release */ = {
			isa = XCBuildConfiguration;
			buildSettings = {
				ASSETCATALOG_COMPILER_APPICON_NAME = AppIcon;
				INFOPLIST_FILE = IsThatAWord/Info.plist;
				LD_RUNPATH_SEARCH_PATHS = "$(inherited) @executable_path/Frameworks";
				PRODUCT_BUNDLE_IDENTIFIER = com.visceralorigami.IsThatAWord;
				PRODUCT_NAME = "$(TARGET_NAME)";
			};
			name = Release;
		};
/* End XCBuildConfiguration section */

/* Begin XCConfigurationList section */
		7CC75FA11BEB9144003AA87A /* Build configuration list for PBXProject "IsThatAWord" */ = {
			isa = XCConfigurationList;
			buildConfigurations = (
				7CC75FBB1BEB9144003AA87A /* Debug */,
				7CC75FBC1BEB9144003AA87A /* Release */,
			);
			defaultConfigurationIsVisible = 0;
			defaultConfigurationName = Release;
		};
		7CC75FBD1BEB9144003AA87A /* Build configuration list for PBXNativeTarget "IsThatAWord" */ = {
			isa = XCConfigurationList;
			buildConfigurations = (
				7CC75FBE1BEB9144003AA87A /* Debug */,
				7CC75FBF1BEB9144003AA87A /* Release */,
			);
			defaultConfigurationIsVisible = 0;
		};
/* End XCConfigurationList section */
	};
	rootObject = 7CC75F9E1BEB9144003AA87A /* Project object */;
}
